{
  "name": "PlantaExercice",
  "lockfileVersion": 3,
  "requires": true,
  "packages": {
    "": {
      "dependencies": {
        "konva": "^9.3.11",
        "vue-konva": "^3.0.2"
      }
    },
    "node_modules/konva": {
      "version": "9.3.11",
      "resolved": "https://registry.npmjs.org/konva/-/konva-9.3.11.tgz",
      "integrity": "sha512-ZkFF4CXKZCDd2+6sBPA0y3hQ+X4uTqIS6JxTl3BEOFJzKr1tId+rxxJgtsk1FQIH3auuvnMj/rkbatUcf9C2Wg==",
      "funding": [
        {
          "type": "patreon",
          "url": "https://www.patreon.com/lavrton"
        },
        {
          "type": "opencollective",
          "url": "https://opencollective.com/konva"
        },
        {
          "type": "github",
          "url": "https://github.com/sponsors/lavrton"
        }
      ]
    },
    "node_modules/vue-konva": {
      "version": "3.0.2",
      "resolved": "https://registry.npmjs.org/vue-konva/-/vue-konva-3.0.2.tgz",
      "integrity": "sha512-FNWKtPPVDihNuQcq7F4GzuVPkPaEfg8lnWezpRqgiC2VetdvONOiYOFD800jNL5kt/lEYnSOYvhqqdTPbv2c8w==",
      "funding": [
        {
          "type": "patreon",
          "url": "https://www.patreon.com/lavrton"
        },
        {
          "type": "opencollective",
          "url": "https://opencollective.com/konva"
        },
        {
          "type": "github",
          "url": "https://github.com/sponsors/lavrton"
        }
      ],
      "engines": {
        "node": ">= 4.0.0",
        "npm": ">= 3.0.0"
      },
      "peerDependencies": {
        "konva": ">7"
      }
    }
  }
}
